// !$*UTF8*$!
{
	archiveVersion = 1;
	classes = {
	};
	objectVersion = 50;
	objects = {

/* Begin PBXBuildFile section */
		FB56E51626BBA4BA007E9BEA /* RatingPlace.swift in Sources */ = {isa = PBXBuildFile; fileRef = FB56E51526BBA4BA007E9BEA /* RatingPlace.swift */; };
		FBB6FCDA295BB16A005C57FB /* PlaceRecommender.mlmodel in Sources */ = {isa = PBXBuildFile; fileRef = FB56E4BE269AB1AD007E9BEA /* PlaceRecommender.mlmodel */; };
		FBBB20B2258B135A00508C1A /* CreateEventView.swift in Sources */ = {isa = PBXBuildFile; fileRef = FBBB20B1258B135A00508C1A /* CreateEventView.swift */; };
		FBBB20B8258C078900508C1A /* EventCoreData.swift in Sources */ = {isa = PBXBuildFile; fileRef = FBBB20B7258C078900508C1A /* EventCoreData.swift */; };
		FBBB20C3258C092700508C1A /* UserCoreData.swift in Sources */ = {isa = PBXBuildFile; fileRef = FBBB20C2258C092700508C1A /* UserCoreData.swift */; };
		FBBB20CA258D183000508C1A /* SearchCities.swift in Sources */ = {isa = PBXBuildFile; fileRef = FBBB20C9258D183000508C1A /* SearchCities.swift */; };
		FBBB20D2258D5A1600508C1A /* SearchPlaces.swift in Sources */ = {isa = PBXBuildFile; fileRef = FBBB20D1258D5A1600508C1A /* SearchPlaces.swift */; };
		FBBB20DD258DB97400508C1A /* SearchBar.swift in Sources */ = {isa = PBXBuildFile; fileRef = FBBB20DC258DB97400508C1A /* SearchBar.swift */; };
		FBBB20E3258FF23E00508C1A /* Friends.swift in Sources */ = {isa = PBXBuildFile; fileRef = FBBB20E2258FF23E00508C1A /* Friends.swift */; };
		FBBB20EB2593F43000508C1A /* BorderedButtonStyle.swift in Sources */ = {isa = PBXBuildFile; fileRef = FBBB20EA2593F43000508C1A /* BorderedButtonStyle.swift */; };
		FBBB20F12594517F00508C1A /* Landmark.swift in Sources */ = {isa = PBXBuildFile; fileRef = FBBB20F02594517F00508C1A /* Landmark.swift */; };
		FBBB20F62594535600508C1A /* LandmarkAnnotation.swift in Sources */ = {isa = PBXBuildFile; fileRef = FBBB20F52594535600508C1A /* LandmarkAnnotation.swift */; };
		FBBB20FE25945D9500508C1A /* LocationManager.swift in Sources */ = {isa = PBXBuildFile; fileRef = FBBB20FD25945D9500508C1A /* LocationManager.swift */; };
		FBBB21062598FCA800508C1A /* AddButtonStyle.swift in Sources */ = {isa = PBXBuildFile; fileRef = FBBB21052598FCA800508C1A /* AddButtonStyle.swift */; };
		FBBB210B2598FE4E00508C1A /* Colors.swift in Sources */ = {isa = PBXBuildFile; fileRef = FBBB210A2598FE4E00508C1A /* Colors.swift */; };
		FBBB21102598FFF300508C1A /* Shapes.swift in Sources */ = {isa = PBXBuildFile; fileRef = FBBB210F2598FFF300508C1A /* Shapes.swift */; };
		FBBB21152599070B00508C1A /* Coordinator.swift in Sources */ = {isa = PBXBuildFile; fileRef = FBBB21142599070B00508C1A /* Coordinator.swift */; };
		FBBB211A259907D500508C1A /* MapView.swift in Sources */ = {isa = PBXBuildFile; fileRef = FBBB2119259907D500508C1A /* MapView.swift */; };
		FBBB211F2599081700508C1A /* MapRepresentable.swift in Sources */ = {isa = PBXBuildFile; fileRef = FBBB211E2599081700508C1A /* MapRepresentable.swift */; };
		FBBB213D25999BE700508C1A /* Recommender.swift in Sources */ = {isa = PBXBuildFile; fileRef = FBBB213C25999BE700508C1A /* Recommender.swift */; };
		FBBB214225999F5900508C1A /* RecommendationView.swift in Sources */ = {isa = PBXBuildFile; fileRef = FBBB214125999F5900508C1A /* RecommendationView.swift */; };
		FBBB215A259CF70400508C1A /* PlaceListView.swift in Sources */ = {isa = PBXBuildFile; fileRef = FBBB2159259CF70400508C1A /* PlaceListView.swift */; };
		FBBB215F25A275C800508C1A /* Places.swift in Sources */ = {isa = PBXBuildFile; fileRef = FBBB215E25A275C800508C1A /* Places.swift */; };
		FBBB216E25A68EA300508C1A /* RatingCoreData.swift in Sources */ = {isa = PBXBuildFile; fileRef = FBBB216D25A68EA300508C1A /* RatingCoreData.swift */; };
		FBBB217425A6909900508C1A /* RatingRow.swift in Sources */ = {isa = PBXBuildFile; fileRef = FBBB217325A6909900508C1A /* RatingRow.swift */; };
		FBBB217F25A693C800508C1A /* RatingView.swift in Sources */ = {isa = PBXBuildFile; fileRef = FBBB217E25A693C800508C1A /* RatingView.swift */; };
		FBBB218425A6B41500508C1A /* UpdateEventView.swift in Sources */ = {isa = PBXBuildFile; fileRef = FBBB218325A6B41500508C1A /* UpdateEventView.swift */; };
		FBE6D3072586B17500EDED3D /* EventsView.swift in Sources */ = {isa = PBXBuildFile; fileRef = FBE6D3062586B17500EDED3D /* EventsView.swift */; };
		FBE6D3202586B7BA00EDED3D /* Utils.swift in Sources */ = {isa = PBXBuildFile; fileRef = FBE6D31F2586B7BA00EDED3D /* Utils.swift */; };
		FBE6D32A2586BFB300EDED3D /* City.swift in Sources */ = {isa = PBXBuildFile; fileRef = FBE6D3292586BFB300EDED3D /* City.swift */; };
		FBE6D33A25883B6F00EDED3D /* FriendsView.swift in Sources */ = {isa = PBXBuildFile; fileRef = FBE6D33925883B6F00EDED3D /* FriendsView.swift */; };
		FBE6D34B2588628B00EDED3D /* AppTabNavigation.swift in Sources */ = {isa = PBXBuildFile; fileRef = FBE6D34A2588628B00EDED3D /* AppTabNavigation.swift */; };
		FBE6D353258862DD00EDED3D /* AppSidebarNavigation.swift in Sources */ = {isa = PBXBuildFile; fileRef = FBE6D352258862DD00EDED3D /* AppSidebarNavigation.swift */; };
		FBE6D35C258867AA00EDED3D /* HomeView.swift in Sources */ = {isa = PBXBuildFile; fileRef = FBE6D35B258867AA00EDED3D /* HomeView.swift */; };
		FBE6D3652589BE6D00EDED3D /* CircleToggleStyle.swift in Sources */ = {isa = PBXBuildFile; fileRef = FBE6D3642589BE6D00EDED3D /* CircleToggleStyle.swift */; };
		FBF36E84269A392C00122453 /* CalendarView.swift in Sources */ = {isa = PBXBuildFile; fileRef = FBF36E83269A392C00122453 /* CalendarView.swift */; };
		FBF6EE5C2585DA0E00B16CD8 /* AppDelegate.swift in Sources */ = {isa = PBXBuildFile; fileRef = FBF6EE5B2585DA0E00B16CD8 /* AppDelegate.swift */; };
		FBF6EE5E2585DA0E00B16CD8 /* SceneDelegate.swift in Sources */ = {isa = PBXBuildFile; fileRef = FBF6EE5D2585DA0E00B16CD8 /* SceneDelegate.swift */; };
		FBF6EE612585DA0E00B16CD8 /* friends_social.xcdatamodeld in Sources */ = {isa = PBXBuildFile; fileRef = FBF6EE5F2585DA0E00B16CD8 /* friends_social.xcdatamodeld */; };
		FBF6EE632585DA0E00B16CD8 /* ContentView.swift in Sources */ = {isa = PBXBuildFile; fileRef = FBF6EE622585DA0E00B16CD8 /* ContentView.swift */; };
		FBF6EE652585DA1000B16CD8 /* Assets.xcassets in Resources */ = {isa = PBXBuildFile; fileRef = FBF6EE642585DA1000B16CD8 /* Assets.xcassets */; };
		FBF6EE682585DA1000B16CD8 /* Preview Assets.xcassets in Resources */ = {isa = PBXBuildFile; fileRef = FBF6EE672585DA1000B16CD8 /* Preview Assets.xcassets */; };
		FBF6EE762585DA1100B16CD8 /* friends_socialTests.swift in Sources */ = {isa = PBXBuildFile; fileRef = FBF6EE752585DA1100B16CD8 /* friends_socialTests.swift */; };
		FBF6EE812585DA1100B16CD8 /* friends_socialUITests.swift in Sources */ = {isa = PBXBuildFile; fileRef = FBF6EE802585DA1100B16CD8 /* friends_socialUITests.swift */; };
/* End PBXBuildFile section */

/* Begin PBXContainerItemProxy section */
		FBF6EE722585DA1100B16CD8 /* PBXContainerItemProxy */ = {
			isa = PBXContainerItemProxy;
			containerPortal = FBF6EE502585DA0E00B16CD8 /* Project object */;
			proxyType = 1;
			remoteGlobalIDString = FBF6EE572585DA0E00B16CD8;
			remoteInfo = "friends-social";
		};
		FBF6EE7D2585DA1100B16CD8 /* PBXContainerItemProxy */ = {
			isa = PBXContainerItemProxy;
			containerPortal = FBF6EE502585DA0E00B16CD8 /* Project object */;
			proxyType = 1;
			remoteGlobalIDString = FBF6EE572585DA0E00B16CD8;
			remoteInfo = "friends-social";
		};
/* End PBXContainerItemProxy section */

/* Begin PBXFileReference section */
		FB56E4BE269AB1AD007E9BEA /* PlaceRecommender.mlmodel */ = {isa = PBXFileReference; lastKnownFileType = file.mlmodel; path = PlaceRecommender.mlmodel; sourceTree = "<group>"; };
		FB56E51526BBA4BA007E9BEA /* RatingPlace.swift */ = {isa = PBXFileReference; lastKnownFileType = sourcecode.swift; path = RatingPlace.swift; sourceTree = "<group>"; };
		FBBB20B1258B135A00508C1A /* CreateEventView.swift */ = {isa = PBXFileReference; lastKnownFileType = sourcecode.swift; path = CreateEventView.swift; sourceTree = "<group>"; };
		FBBB20B7258C078900508C1A /* EventCoreData.swift */ = {isa = PBXFileReference; lastKnownFileType = sourcecode.swift; path = EventCoreData.swift; sourceTree = "<group>"; };
		FBBB20C2258C092700508C1A /* UserCoreData.swift */ = {isa = PBXFileReference; lastKnownFileType = sourcecode.swift; path = UserCoreData.swift; sourceTree = "<group>"; };
		FBBB20C9258D183000508C1A /* SearchCities.swift */ = {isa = PBXFileReference; lastKnownFileType = sourcecode.swift; path = SearchCities.swift; sourceTree = "<group>"; };
		FBBB20D1258D5A1600508C1A /* SearchPlaces.swift */ = {isa = PBXFileReference; lastKnownFileType = sourcecode.swift; path = SearchPlaces.swift; sourceTree = "<group>"; };
		FBBB20DC258DB97400508C1A /* SearchBar.swift */ = {isa = PBXFileReference; lastKnownFileType = sourcecode.swift; path = SearchBar.swift; sourceTree = "<group>"; };
		FBBB20E2258FF23E00508C1A /* Friends.swift */ = {isa = PBXFileReference; lastKnownFileType = sourcecode.swift; path = Friends.swift; sourceTree = "<group>"; };
		FBBB20EA2593F43000508C1A /* BorderedButtonStyle.swift */ = {isa = PBXFileReference; lastKnownFileType = sourcecode.swift; path = BorderedButtonStyle.swift; sourceTree = "<group>"; };
		FBBB20F02594517F00508C1A /* Landmark.swift */ = {isa = PBXFileReference; lastKnownFileType = sourcecode.swift; path = Landmark.swift; sourceTree = "<group>"; };
		FBBB20F52594535600508C1A /* LandmarkAnnotation.swift */ = {isa = PBXFileReference; lastKnownFileType = sourcecode.swift; path = LandmarkAnnotation.swift; sourceTree = "<group>"; };
		FBBB20FD25945D9500508C1A /* LocationManager.swift */ = {isa = PBXFileReference; lastKnownFileType = sourcecode.swift; path = LocationManager.swift; sourceTree = "<group>"; };
		FBBB21052598FCA800508C1A /* AddButtonStyle.swift */ = {isa = PBXFileReference; lastKnownFileType = sourcecode.swift; path = AddButtonStyle.swift; sourceTree = "<group>"; };
		FBBB210A2598FE4E00508C1A /* Colors.swift */ = {isa = PBXFileReference; lastKnownFileType = sourcecode.swift; path = Colors.swift; sourceTree = "<group>"; };
		FBBB210F2598FFF300508C1A /* Shapes.swift */ = {isa = PBXFileReference; lastKnownFileType = sourcecode.swift; path = Shapes.swift; sourceTree = "<group>"; };
		FBBB21142599070B00508C1A /* Coordinator.swift */ = {isa = PBXFileReference; lastKnownFileType = sourcecode.swift; path = Coordinator.swift; sourceTree = "<group>"; };
		FBBB2119259907D500508C1A /* MapView.swift */ = {isa = PBXFileReference; lastKnownFileType = sourcecode.swift; path = MapView.swift; sourceTree = "<group>"; };
		FBBB211E2599081700508C1A /* MapRepresentable.swift */ = {isa = PBXFileReference; lastKnownFileType = sourcecode.swift; path = MapRepresentable.swift; sourceTree = "<group>"; };
		FBBB213C25999BE700508C1A /* Recommender.swift */ = {isa = PBXFileReference; lastKnownFileType = sourcecode.swift; path = Recommender.swift; sourceTree = "<group>"; };
		FBBB214125999F5900508C1A /* RecommendationView.swift */ = {isa = PBXFileReference; lastKnownFileType = sourcecode.swift; path = RecommendationView.swift; sourceTree = "<group>"; };
		FBBB2159259CF70400508C1A /* PlaceListView.swift */ = {isa = PBXFileReference; lastKnownFileType = sourcecode.swift; path = PlaceListView.swift; sourceTree = "<group>"; };
		FBBB215E25A275C800508C1A /* Places.swift */ = {isa = PBXFileReference; lastKnownFileType = sourcecode.swift; path = Places.swift; sourceTree = "<group>"; };
		FBBB216D25A68EA300508C1A /* RatingCoreData.swift */ = {isa = PBXFileReference; lastKnownFileType = sourcecode.swift; path = RatingCoreData.swift; sourceTree = "<group>"; };
		FBBB217325A6909900508C1A /* RatingRow.swift */ = {isa = PBXFileReference; lastKnownFileType = sourcecode.swift; path = RatingRow.swift; sourceTree = "<group>"; };
		FBBB217E25A693C800508C1A /* RatingView.swift */ = {isa = PBXFileReference; lastKnownFileType = sourcecode.swift; path = RatingView.swift; sourceTree = "<group>"; };
		FBBB218325A6B41500508C1A /* UpdateEventView.swift */ = {isa = PBXFileReference; lastKnownFileType = sourcecode.swift; path = UpdateEventView.swift; sourceTree = "<group>"; };
		FBE6D3062586B17500EDED3D /* EventsView.swift */ = {isa = PBXFileReference; lastKnownFileType = sourcecode.swift; path = EventsView.swift; sourceTree = "<group>"; };
		FBE6D31F2586B7BA00EDED3D /* Utils.swift */ = {isa = PBXFileReference; lastKnownFileType = sourcecode.swift; path = Utils.swift; sourceTree = "<group>"; };
		FBE6D3292586BFB300EDED3D /* City.swift */ = {isa = PBXFileReference; lastKnownFileType = sourcecode.swift; path = City.swift; sourceTree = "<group>"; };
		FBE6D33925883B6F00EDED3D /* FriendsView.swift */ = {isa = PBXFileReference; lastKnownFileType = sourcecode.swift; path = FriendsView.swift; sourceTree = "<group>"; };
		FBE6D34A2588628B00EDED3D /* AppTabNavigation.swift */ = {isa = PBXFileReference; lastKnownFileType = sourcecode.swift; path = AppTabNavigation.swift; sourceTree = "<group>"; };
		FBE6D352258862DD00EDED3D /* AppSidebarNavigation.swift */ = {isa = PBXFileReference; lastKnownFileType = sourcecode.swift; path = AppSidebarNavigation.swift; sourceTree = "<group>"; };
		FBE6D35B258867AA00EDED3D /* HomeView.swift */ = {isa = PBXFileReference; lastKnownFileType = sourcecode.swift; path = HomeView.swift; sourceTree = "<group>"; };
		FBE6D3642589BE6D00EDED3D /* CircleToggleStyle.swift */ = {isa = PBXFileReference; fileEncoding = 4; lastKnownFileType = sourcecode.swift; name = CircleToggleStyle.swift; path = "../../../../../Downloads/FrutaBuildingAFeatureRichAppWithSwiftUI-2/Shared/Styles/CircleToggleStyle.swift"; sourceTree = "<group>"; };
		FBF36E83269A392C00122453 /* CalendarView.swift */ = {isa = PBXFileReference; lastKnownFileType = sourcecode.swift; path = CalendarView.swift; sourceTree = "<group>"; };
		FBF6EE582585DA0E00B16CD8 /* friends-social.app */ = {isa = PBXFileReference; explicitFileType = wrapper.application; includeInIndex = 0; path = "friends-social.app"; sourceTree = BUILT_PRODUCTS_DIR; };
		FBF6EE5B2585DA0E00B16CD8 /* AppDelegate.swift */ = {isa = PBXFileReference; lastKnownFileType = sourcecode.swift; path = AppDelegate.swift; sourceTree = "<group>"; };
		FBF6EE5D2585DA0E00B16CD8 /* SceneDelegate.swift */ = {isa = PBXFileReference; lastKnownFileType = sourcecode.swift; path = SceneDelegate.swift; sourceTree = "<group>"; };
		FBF6EE602585DA0E00B16CD8 /* friends_social.xcdatamodel */ = {isa = PBXFileReference; lastKnownFileType = wrapper.xcdatamodel; path = friends_social.xcdatamodel; sourceTree = "<group>"; };
		FBF6EE622585DA0E00B16CD8 /* ContentView.swift */ = {isa = PBXFileReference; lastKnownFileType = sourcecode.swift; path = ContentView.swift; sourceTree = "<group>"; };
		FBF6EE642585DA1000B16CD8 /* Assets.xcassets */ = {isa = PBXFileReference; lastKnownFileType = folder.assetcatalog; path = Assets.xcassets; sourceTree = "<group>"; };
		FBF6EE672585DA1000B16CD8 /* Preview Assets.xcassets */ = {isa = PBXFileReference; lastKnownFileType = folder.assetcatalog; path = "Preview Assets.xcassets"; sourceTree = "<group>"; };
		FBF6EE6C2585DA1000B16CD8 /* Info.plist */ = {isa = PBXFileReference; lastKnownFileType = text.plist.xml; path = Info.plist; sourceTree = "<group>"; };
		FBF6EE712585DA1100B16CD8 /* friends-socialTests.xctest */ = {isa = PBXFileReference; explicitFileType = wrapper.cfbundle; includeInIndex = 0; path = "friends-socialTests.xctest"; sourceTree = BUILT_PRODUCTS_DIR; };
		FBF6EE752585DA1100B16CD8 /* friends_socialTests.swift */ = {isa = PBXFileReference; lastKnownFileType = sourcecode.swift; path = friends_socialTests.swift; sourceTree = "<group>"; };
		FBF6EE772585DA1100B16CD8 /* Info.plist */ = {isa = PBXFileReference; lastKnownFileType = text.plist.xml; path = Info.plist; sourceTree = "<group>"; };
		FBF6EE7C2585DA1100B16CD8 /* friends-socialUITests.xctest */ = {isa = PBXFileReference; explicitFileType = wrapper.cfbundle; includeInIndex = 0; path = "friends-socialUITests.xctest"; sourceTree = BUILT_PRODUCTS_DIR; };
		FBF6EE802585DA1100B16CD8 /* friends_socialUITests.swift */ = {isa = PBXFileReference; lastKnownFileType = sourcecode.swift; path = friends_socialUITests.swift; sourceTree = "<group>"; };
		FBF6EE822585DA1100B16CD8 /* Info.plist */ = {isa = PBXFileReference; lastKnownFileType = text.plist.xml; path = Info.plist; sourceTree = "<group>"; };
/* End PBXFileReference section */

/* Begin PBXFrameworksBuildPhase section */
		FBF6EE552585DA0E00B16CD8 /* Frameworks */ = {
			isa = PBXFrameworksBuildPhase;
			buildActionMask = 2147483647;
			files = (
			);
			runOnlyForDeploymentPostprocessing = 0;
		};
		FBF6EE6E2585DA1100B16CD8 /* Frameworks */ = {
			isa = PBXFrameworksBuildPhase;
			buildActionMask = 2147483647;
			files = (
			);
			runOnlyForDeploymentPostprocessing = 0;
		};
		FBF6EE792585DA1100B16CD8 /* Frameworks */ = {
			isa = PBXFrameworksBuildPhase;
			buildActionMask = 2147483647;
			files = (
			);
			runOnlyForDeploymentPostprocessing = 0;
		};
/* End PBXFrameworksBuildPhase section */

/* Begin PBXGroup section */
		FB56E4BA269AB17C007E9BEA /* MLRecommender */ = {
			isa = PBXGroup;
			children = (
				FBBB214125999F5900508C1A /* RecommendationView.swift */,
				FBBB213C25999BE700508C1A /* Recommender.swift */,
			);
			path = MLRecommender;
			sourceTree = "<group>";
		};
		FBBB20B6258C076200508C1A /* CoreData */ = {
			isa = PBXGroup;
			children = (
				FBBB20B7258C078900508C1A /* EventCoreData.swift */,
				FBBB20C2258C092700508C1A /* UserCoreData.swift */,
				FBBB216D25A68EA300508C1A /* RatingCoreData.swift */,
			);
			path = CoreData;
			sourceTree = "<group>";
		};
		FBBB20C8258D13BE00508C1A /* Map */ = {
			isa = PBXGroup;
			children = (
				FBBB20C9258D183000508C1A /* SearchCities.swift */,
				FBBB20D1258D5A1600508C1A /* SearchPlaces.swift */,
				FBBB20FD25945D9500508C1A /* LocationManager.swift */,
				FBBB21142599070B00508C1A /* Coordinator.swift */,
				FBBB2119259907D500508C1A /* MapView.swift */,
				FBBB211E2599081700508C1A /* MapRepresentable.swift */,
				FBBB2159259CF70400508C1A /* PlaceListView.swift */,
			);
			path = Map;
			sourceTree = "<group>";
		};
		FBBB217225A6906D00508C1A /* Ratings */ = {
			isa = PBXGroup;
			children = (
				FBBB217325A6909900508C1A /* RatingRow.swift */,
				FBBB217E25A693C800508C1A /* RatingView.swift */,
			);
			path = Ratings;
			sourceTree = "<group>";
		};
		FBC1D76325867768006F0463 /* Views */ = {
			isa = PBXGroup;
			children = (
				FBBB20DC258DB97400508C1A /* SearchBar.swift */,
			);
			path = Views;
			sourceTree = "<group>";
		};
		FBE6D3052586B15000EDED3D /* Events */ = {
			isa = PBXGroup;
			children = (
				FBE6D3062586B17500EDED3D /* EventsView.swift */,
				FBBB20B1258B135A00508C1A /* CreateEventView.swift */,
				FBBB218325A6B41500508C1A /* UpdateEventView.swift */,
			);
			path = Events;
			sourceTree = "<group>";
		};
		FBE6D3152586B3A000EDED3D /* Model */ = {
			isa = PBXGroup;
			children = (
				FBE6D3292586BFB300EDED3D /* City.swift */,
				FBBB20E2258FF23E00508C1A /* Friends.swift */,
				FBBB20F02594517F00508C1A /* Landmark.swift */,
				FBBB20F52594535600508C1A /* LandmarkAnnotation.swift */,
				FBBB215E25A275C800508C1A /* Places.swift */,
				FB56E51526BBA4BA007E9BEA /* RatingPlace.swift */,
			);
			path = Model;
			sourceTree = "<group>";
		};
		FBE6D3162586B3BB00EDED3D /* Helpers */ = {
			isa = PBXGroup;
			children = (
				FBE6D31F2586B7BA00EDED3D /* Utils.swift */,
				FBBB210A2598FE4E00508C1A /* Colors.swift */,
				FBBB210F2598FFF300508C1A /* Shapes.swift */,
			);
			path = Helpers;
			sourceTree = "<group>";
		};
		FBE6D33825883B5400EDED3D /* Friends */ = {
			isa = PBXGroup;
			children = (
				FBE6D33925883B6F00EDED3D /* FriendsView.swift */,
			);
			path = Friends;
			sourceTree = "<group>";
		};
		FBE6D3492588627300EDED3D /* Navigation */ = {
			isa = PBXGroup;
			children = (
				FBE6D34A2588628B00EDED3D /* AppTabNavigation.swift */,
				FBE6D352258862DD00EDED3D /* AppSidebarNavigation.swift */,
			);
			path = Navigation;
			sourceTree = "<group>";
		};
		FBE6D35A2588679800EDED3D /* Home */ = {
			isa = PBXGroup;
			children = (
				FBE6D35B258867AA00EDED3D /* HomeView.swift */,
			);
			path = Home;
			sourceTree = "<group>";
		};
		FBE6D3632589BE5900EDED3D /* Styles */ = {
			isa = PBXGroup;
			children = (
				FBE6D3642589BE6D00EDED3D /* CircleToggleStyle.swift */,
				FBBB20EA2593F43000508C1A /* BorderedButtonStyle.swift */,
				FBBB21052598FCA800508C1A /* AddButtonStyle.swift */,
			);
			path = Styles;
			sourceTree = "<group>";
		};
		FBF36E82269A390D00122453 /* Calendar */ = {
			isa = PBXGroup;
			children = (
				FBF36E83269A392C00122453 /* CalendarView.swift */,
			);
			path = Calendar;
			sourceTree = "<group>";
		};
		FBF6EE4F2585DA0E00B16CD8 = {
			isa = PBXGroup;
			children = (
				FBF6EE5A2585DA0E00B16CD8 /* friends-social */,
				FBF6EE742585DA1100B16CD8 /* friends-socialTests */,
				FBF6EE7F2585DA1100B16CD8 /* friends-socialUITests */,
				FBF6EE592585DA0E00B16CD8 /* Products */,
			);
			sourceTree = "<group>";
		};
		FBF6EE592585DA0E00B16CD8 /* Products */ = {
			isa = PBXGroup;
			children = (
				FBF6EE582585DA0E00B16CD8 /* friends-social.app */,
				FBF6EE712585DA1100B16CD8 /* friends-socialTests.xctest */,
				FBF6EE7C2585DA1100B16CD8 /* friends-socialUITests.xctest */,
			);
			name = Products;
			sourceTree = "<group>";
		};
		FBF6EE5A2585DA0E00B16CD8 /* friends-social */ = {
			isa = PBXGroup;
			children = (
				FB56E4BA269AB17C007E9BEA /* MLRecommender */,
				FBF36E82269A390D00122453 /* Calendar */,
				FBBB217225A6906D00508C1A /* Ratings */,
				FBBB20C8258D13BE00508C1A /* Map */,
				FBBB20B6258C076200508C1A /* CoreData */,
				FBE6D3632589BE5900EDED3D /* Styles */,
				FBE6D35A2588679800EDED3D /* Home */,
				FBE6D3492588627300EDED3D /* Navigation */,
				FBE6D33825883B5400EDED3D /* Friends */,
				FBE6D3162586B3BB00EDED3D /* Helpers */,
				FBE6D3152586B3A000EDED3D /* Model */,
				FBE6D3052586B15000EDED3D /* Events */,
				FBC1D76325867768006F0463 /* Views */,
				FBF6EE5B2585DA0E00B16CD8 /* AppDelegate.swift */,
				FBF6EE5D2585DA0E00B16CD8 /* SceneDelegate.swift */,
				FBF6EE622585DA0E00B16CD8 /* ContentView.swift */,
				FB56E4BE269AB1AD007E9BEA /* PlaceRecommender.mlmodel */,
				FBF6EE642585DA1000B16CD8 /* Assets.xcassets */,
				FBF6EE6C2585DA1000B16CD8 /* Info.plist */,
				FBF6EE5F2585DA0E00B16CD8 /* friends_social.xcdatamodeld */,
				FBF6EE662585DA1000B16CD8 /* Preview Content */,
			);
			path = "friends-social";
			sourceTree = "<group>";
		};
		FBF6EE662585DA1000B16CD8 /* Preview Content */ = {
			isa = PBXGroup;
			children = (
				FBF6EE672585DA1000B16CD8 /* Preview Assets.xcassets */,
			);
			path = "Preview Content";
			sourceTree = "<group>";
		};
		FBF6EE742585DA1100B16CD8 /* friends-socialTests */ = {
			isa = PBXGroup;
			children = (
				FBF6EE752585DA1100B16CD8 /* friends_socialTests.swift */,
				FBF6EE772585DA1100B16CD8 /* Info.plist */,
			);
			path = "friends-socialTests";
			sourceTree = "<group>";
		};
		FBF6EE7F2585DA1100B16CD8 /* friends-socialUITests */ = {
			isa = PBXGroup;
			children = (
				FBF6EE802585DA1100B16CD8 /* friends_socialUITests.swift */,
				FBF6EE822585DA1100B16CD8 /* Info.plist */,
			);
			path = "friends-socialUITests";
			sourceTree = "<group>";
		};
/* End PBXGroup section */

/* Begin PBXNativeTarget section */
		FBF6EE572585DA0E00B16CD8 /* friends-social */ = {
			isa = PBXNativeTarget;
			buildConfigurationList = FBF6EE852585DA1100B16CD8 /* Build configuration list for PBXNativeTarget "friends-social" */;
			buildPhases = (
				FBF6EE542585DA0E00B16CD8 /* Sources */,
				FBF6EE552585DA0E00B16CD8 /* Frameworks */,
				FBF6EE562585DA0E00B16CD8 /* Resources */,
			);
			buildRules = (
			);
			dependencies = (
			);
			name = "friends-social";
			packageProductDependencies = (
			);
			productName = "friends-social";
			productReference = FBF6EE582585DA0E00B16CD8 /* friends-social.app */;
			productType = "com.apple.product-type.application";
		};
		FBF6EE702585DA1100B16CD8 /* friends-socialTests */ = {
			isa = PBXNativeTarget;
			buildConfigurationList = FBF6EE882585DA1100B16CD8 /* Build configuration list for PBXNativeTarget "friends-socialTests" */;
			buildPhases = (
				FBF6EE6D2585DA1100B16CD8 /* Sources */,
				FBF6EE6E2585DA1100B16CD8 /* Frameworks */,
				FBF6EE6F2585DA1100B16CD8 /* Resources */,
			);
			buildRules = (
			);
			dependencies = (
				FBF6EE732585DA1100B16CD8 /* PBXTargetDependency */,
			);
			name = "friends-socialTests";
			productName = "friends-socialTests";
			productReference = FBF6EE712585DA1100B16CD8 /* friends-socialTests.xctest */;
			productType = "com.apple.product-type.bundle.unit-test";
		};
		FBF6EE7B2585DA1100B16CD8 /* friends-socialUITests */ = {
			isa = PBXNativeTarget;
			buildConfigurationList = FBF6EE8B2585DA1100B16CD8 /* Build configuration list for PBXNativeTarget "friends-socialUITests" */;
			buildPhases = (
				FBF6EE782585DA1100B16CD8 /* Sources */,
				FBF6EE792585DA1100B16CD8 /* Frameworks */,
				FBF6EE7A2585DA1100B16CD8 /* Resources */,
			);
			buildRules = (
			);
			dependencies = (
				FBF6EE7E2585DA1100B16CD8 /* PBXTargetDependency */,
			);
			name = "friends-socialUITests";
			productName = "friends-socialUITests";
			productReference = FBF6EE7C2585DA1100B16CD8 /* friends-socialUITests.xctest */;
			productType = "com.apple.product-type.bundle.ui-testing";
		};
/* End PBXNativeTarget section */

/* Begin PBXProject section */
		FBF6EE502585DA0E00B16CD8 /* Project object */ = {
			isa = PBXProject;
			attributes = {
				LastSwiftUpdateCheck = 1130;
				LastUpgradeCheck = 1130;
				ORGANIZATIONNAME = "Valentina Carrington";
				TargetAttributes = {
					FBF6EE572585DA0E00B16CD8 = {
						CreatedOnToolsVersion = 11.3.1;
					};
					FBF6EE702585DA1100B16CD8 = {
						CreatedOnToolsVersion = 11.3.1;
						TestTargetID = FBF6EE572585DA0E00B16CD8;
					};
					FBF6EE7B2585DA1100B16CD8 = {
						CreatedOnToolsVersion = 11.3.1;
						TestTargetID = FBF6EE572585DA0E00B16CD8;
					};
				};
			};
			buildConfigurationList = FBF6EE532585DA0E00B16CD8 /* Build configuration list for PBXProject "friends-social" */;
			compatibilityVersion = "Xcode 9.3";
			developmentRegion = en;
			hasScannedForEncodings = 0;
			knownRegions = (
				en,
				Base,
			);
			mainGroup = FBF6EE4F2585DA0E00B16CD8;
			packageReferences = (
			);
			productRefGroup = FBF6EE592585DA0E00B16CD8 /* Products */;
			projectDirPath = "";
			projectRoot = "";
			targets = (
				FBF6EE572585DA0E00B16CD8 /* friends-social */,
				FBF6EE702585DA1100B16CD8 /* friends-socialTests */,
				FBF6EE7B2585DA1100B16CD8 /* friends-socialUITests */,
			);
		};
/* End PBXProject section */

/* Begin PBXResourcesBuildPhase section */
		FBF6EE562585DA0E00B16CD8 /* Resources */ = {
			isa = PBXResourcesBuildPhase;
			buildActionMask = 2147483647;
			files = (
				FBF6EE682585DA1000B16CD8 /* Preview Assets.xcassets in Resources */,
				FBF6EE652585DA1000B16CD8 /* Assets.xcassets in Resources */,
			);
			runOnlyForDeploymentPostprocessing = 0;
		};
		FBF6EE6F2585DA1100B16CD8 /* Resources */ = {
			isa = PBXResourcesBuildPhase;
			buildActionMask = 2147483647;
			files = (
			);
			runOnlyForDeploymentPostprocessing = 0;
		};
		FBF6EE7A2585DA1100B16CD8 /* Resources */ = {
			isa = PBXResourcesBuildPhase;
			buildActionMask = 2147483647;
			files = (
			);
			runOnlyForDeploymentPostprocessing = 0;
		};
/* End PBXResourcesBuildPhase section */

/* Begin PBXSourcesBuildPhase section */
		FBF6EE542585DA0E00B16CD8 /* Sources */ = {
			isa = PBXSourcesBuildPhase;
			buildActionMask = 2147483647;
			files = (
				FBBB20B2258B135A00508C1A /* CreateEventView.swift in Sources */,
				FBBB21152599070B00508C1A /* Coordinator.swift in Sources */,
				FBE6D35C258867AA00EDED3D /* HomeView.swift in Sources */,
				FBBB20B8258C078900508C1A /* EventCoreData.swift in Sources */,
				FBBB20EB2593F43000508C1A /* BorderedButtonStyle.swift in Sources */,
				FBB6FCDA295BB16A005C57FB /* PlaceRecommender.mlmodel in Sources */,
				FBF6EE5C2585DA0E00B16CD8 /* AppDelegate.swift in Sources */,
				FBBB20CA258D183000508C1A /* SearchCities.swift in Sources */,
				FBBB218425A6B41500508C1A /* UpdateEventView.swift in Sources */,
				FB56E51626BBA4BA007E9BEA /* RatingPlace.swift in Sources */,
				FBF36E84269A392C00122453 /* CalendarView.swift in Sources */,
				FBF6EE612585DA0E00B16CD8 /* friends_social.xcdatamodeld in Sources */,
				FBBB21062598FCA800508C1A /* AddButtonStyle.swift in Sources */,
				FBBB211A259907D500508C1A /* MapView.swift in Sources */,
				FBE6D33A25883B6F00EDED3D /* FriendsView.swift in Sources */,
				FBE6D34B2588628B00EDED3D /* AppTabNavigation.swift in Sources */,
				FBBB20F12594517F00508C1A /* Landmark.swift in Sources */,
				FBBB20FE25945D9500508C1A /* LocationManager.swift in Sources */,
				FBBB20F62594535600508C1A /* LandmarkAnnotation.swift in Sources */,
				FBBB20E3258FF23E00508C1A /* Friends.swift in Sources */,
				FBBB217425A6909900508C1A /* RatingRow.swift in Sources */,
				FBF6EE632585DA0E00B16CD8 /* ContentView.swift in Sources */,
				FBBB210B2598FE4E00508C1A /* Colors.swift in Sources */,
				FBBB21102598FFF300508C1A /* Shapes.swift in Sources */,
				FBE6D353258862DD00EDED3D /* AppSidebarNavigation.swift in Sources */,
				FBF6EE5E2585DA0E00B16CD8 /* SceneDelegate.swift in Sources */,
				FBE6D32A2586BFB300EDED3D /* City.swift in Sources */,
				FBBB20DD258DB97400508C1A /* SearchBar.swift in Sources */,
				FBBB20D2258D5A1600508C1A /* SearchPlaces.swift in Sources */,
				FBBB20C3258C092700508C1A /* UserCoreData.swift in Sources */,
				FBBB214225999F5900508C1A /* RecommendationView.swift in Sources */,
				FBBB211F2599081700508C1A /* MapRepresentable.swift in Sources */,
				FBE6D3652589BE6D00EDED3D /* CircleToggleStyle.swift in Sources */,
				FBBB216E25A68EA300508C1A /* RatingCoreData.swift in Sources */,
				FBBB217F25A693C800508C1A /* RatingView.swift in Sources */,
				FBBB213D25999BE700508C1A /* Recommender.swift in Sources */,
				FBBB215A259CF70400508C1A /* PlaceListView.swift in Sources */,
				FBE6D3072586B17500EDED3D /* EventsView.swift in Sources */,
				FBE6D3202586B7BA00EDED3D /* Utils.swift in Sources */,
				FBBB215F25A275C800508C1A /* Places.swift in Sources */,
			);
			runOnlyForDeploymentPostprocessing = 0;
		};
		FBF6EE6D2585DA1100B16CD8 /* Sources */ = {
			isa = PBXSourcesBuildPhase;
			buildActionMask = 2147483647;
			files = (
				FBF6EE762585DA1100B16CD8 /* friends_socialTests.swift in Sources */,
			);
			runOnlyForDeploymentPostprocessing = 0;
		};
		FBF6EE782585DA1100B16CD8 /* Sources */ = {
			isa = PBXSourcesBuildPhase;
			buildActionMask = 2147483647;
			files = (
				FBF6EE812585DA1100B16CD8 /* friends_socialUITests.swift in Sources */,
			);
			runOnlyForDeploymentPostprocessing = 0;
		};
/* End PBXSourcesBuildPhase section */

/* Begin PBXTargetDependency section */
		FBF6EE732585DA1100B16CD8 /* PBXTargetDependency */ = {
			isa = PBXTargetDependency;
			target = FBF6EE572585DA0E00B16CD8 /* friends-social */;
			targetProxy = FBF6EE722585DA1100B16CD8 /* PBXContainerItemProxy */;
		};
		FBF6EE7E2585DA1100B16CD8 /* PBXTargetDependency */ = {
			isa = PBXTargetDependency;
			target = FBF6EE572585DA0E00B16CD8 /* friends-social */;
			targetProxy = FBF6EE7D2585DA1100B16CD8 /* PBXContainerItemProxy */;
		};
/* End PBXTargetDependency section */

/* Begin XCBuildConfiguration section */
		FBF6EE832585DA1100B16CD8 /* Debug */ = {
			isa = XCBuildConfiguration;
			buildSettings = {
				ALWAYS_SEARCH_USER_PATHS = NO;
				CLANG_ANALYZER_NONNULL = YES;
				CLANG_ANALYZER_NUMBER_OBJECT_CONVERSION = YES_AGGRESSIVE;
				CLANG_CXX_LANGUAGE_STANDARD = "gnu++14";
				CLANG_CXX_LIBRARY = "libc++";
				CLANG_ENABLE_MODULES = YES;
				CLANG_ENABLE_OBJC_ARC = YES;
				CLANG_ENABLE_OBJC_WEAK = YES;
				CLANG_WARN_BLOCK_CAPTURE_AUTORELEASING = YES;
				CLANG_WARN_BOOL_CONVERSION = YES;
				CLANG_WARN_COMMA = YES;
				CLANG_WARN_CONSTANT_CONVERSION = YES;
				CLANG_WARN_DEPRECATED_OBJC_IMPLEMENTATIONS = YES;
				CLANG_WARN_DIRECT_OBJC_ISA_USAGE = YES_ERROR;
				CLANG_WARN_DOCUMENTATION_COMMENTS = YES;
				CLANG_WARN_EMPTY_BODY = YES;
				CLANG_WARN_ENUM_CONVERSION = YES;
				CLANG_WARN_INFINITE_RECURSION = YES;
				CLANG_WARN_INT_CONVERSION = YES;
				CLANG_WARN_NON_LITERAL_NULL_CONVERSION = YES;
				CLANG_WARN_OBJC_IMPLICIT_RETAIN_SELF = YES;
				CLANG_WARN_OBJC_LITERAL_CONVERSION = YES;
				CLANG_WARN_OBJC_ROOT_CLASS = YES_ERROR;
				CLANG_WARN_RANGE_LOOP_ANALYSIS = YES;
				CLANG_WARN_STRICT_PROTOTYPES = YES;
				CLANG_WARN_SUSPICIOUS_MOVE = YES;
				CLANG_WARN_UNGUARDED_AVAILABILITY = YES_AGGRESSIVE;
				CLANG_WARN_UNREACHABLE_CODE = YES;
				CLANG_WARN__DUPLICATE_METHOD_MATCH = YES;
				COPY_PHASE_STRIP = NO;
				DEBUG_INFORMATION_FORMAT = dwarf;
				ENABLE_STRICT_OBJC_MSGSEND = YES;
				ENABLE_TESTABILITY = YES;
				GCC_C_LANGUAGE_STANDARD = gnu11;
				GCC_DYNAMIC_NO_PIC = NO;
				GCC_NO_COMMON_BLOCKS = YES;
				GCC_OPTIMIZATION_LEVEL = 0;
				GCC_PREPROCESSOR_DEFINITIONS = (
					"DEBUG=1",
					"$(inherited)",
				);
				GCC_WARN_64_TO_32_BIT_CONVERSION = YES;
				GCC_WARN_ABOUT_RETURN_TYPE = YES_ERROR;
				GCC_WARN_UNDECLARED_SELECTOR = YES;
				GCC_WARN_UNINITIALIZED_AUTOS = YES_AGGRESSIVE;
				GCC_WARN_UNUSED_FUNCTION = YES;
				GCC_WARN_UNUSED_VARIABLE = YES;
				IPHONEOS_DEPLOYMENT_TARGET = 14.0;
				MTL_ENABLE_DEBUG_INFO = INCLUDE_SOURCE;
				MTL_FAST_MATH = YES;
				ONLY_ACTIVE_ARCH = YES;
				SDKROOT = iphoneos;
				SWIFT_ACTIVE_COMPILATION_CONDITIONS = DEBUG;
				SWIFT_OPTIMIZATION_LEVEL = "-Onone";
			};
			name = Debug;
		};
		FBF6EE842585DA1100B16CD8 /* Release */ = {
			isa = XCBuildConfiguration;
			buildSettings = {
				ALWAYS_SEARCH_USER_PATHS = NO;
				CLANG_ANALYZER_NONNULL = YES;
				CLANG_ANALYZER_NUMBER_OBJECT_CONVERSION = YES_AGGRESSIVE;
				CLANG_CXX_LANGUAGE_STANDARD = "gnu++14";
				CLANG_CXX_LIBRARY = "libc++";
				CLANG_ENABLE_MODULES = YES;
				CLANG_ENABLE_OBJC_ARC = YES;
				CLANG_ENABLE_OBJC_WEAK = YES;
				CLANG_WARN_BLOCK_CAPTURE_AUTORELEASING = YES;
				CLANG_WARN_BOOL_CONVERSION = YES;
				CLANG_WARN_COMMA = YES;
				CLANG_WARN_CONSTANT_CONVERSION = YES;
				CLANG_WARN_DEPRECATED_OBJC_IMPLEMENTATIONS = YES;
				CLANG_WARN_DIRECT_OBJC_ISA_USAGE = YES_ERROR;
				CLANG_WARN_DOCUMENTATION_COMMENTS = YES;
				CLANG_WARN_EMPTY_BODY = YES;
				CLANG_WARN_ENUM_CONVERSION = YES;
				CLANG_WARN_INFINITE_RECURSION = YES;
				CLANG_WARN_INT_CONVERSION = YES;
				CLANG_WARN_NON_LITERAL_NULL_CONVERSION = YES;
				CLANG_WARN_OBJC_IMPLICIT_RETAIN_SELF = YES;
				CLANG_WARN_OBJC_LITERAL_CONVERSION = YES;
				CLANG_WARN_OBJC_ROOT_CLASS = YES_ERROR;
				CLANG_WARN_RANGE_LOOP_ANALYSIS = YES;
				CLANG_WARN_STRICT_PROTOTYPES = YES;
				CLANG_WARN_SUSPICIOUS_MOVE = YES;
				CLANG_WARN_UNGUARDED_AVAILABILITY = YES_AGGRESSIVE;
				CLANG_WARN_UNREACHABLE_CODE = YES;
				CLANG_WARN__DUPLICATE_METHOD_MATCH = YES;
				COPY_PHASE_STRIP = NO;
				DEBUG_INFORMATION_FORMAT = "dwarf-with-dsym";
				ENABLE_NS_ASSERTIONS = NO;
				ENABLE_STRICT_OBJC_MSGSEND = YES;
				GCC_C_LANGUAGE_STANDARD = gnu11;
				GCC_NO_COMMON_BLOCKS = YES;
				GCC_WARN_64_TO_32_BIT_CONVERSION = YES;
				GCC_WARN_ABOUT_RETURN_TYPE = YES_ERROR;
				GCC_WARN_UNDECLARED_SELECTOR = YES;
				GCC_WARN_UNINITIALIZED_AUTOS = YES_AGGRESSIVE;
				GCC_WARN_UNUSED_FUNCTION = YES;
				GCC_WARN_UNUSED_VARIABLE = YES;
				IPHONEOS_DEPLOYMENT_TARGET = 14.0;
				MTL_ENABLE_DEBUG_INFO = NO;
				MTL_FAST_MATH = YES;
				SDKROOT = iphoneos;
				SWIFT_COMPILATION_MODE = wholemodule;
				SWIFT_OPTIMIZATION_LEVEL = "-O";
				VALIDATE_PRODUCT = YES;
			};
			name = Release;
		};
		FBF6EE862585DA1100B16CD8 /* Debug */ = {
			isa = XCBuildConfiguration;
			buildSettings = {
				ASSETCATALOG_COMPILER_APPICON_NAME = AppIcon;
				CODE_SIGN_STYLE = Automatic;
				DEVELOPMENT_ASSET_PATHS = "\"friends-social/Preview Content\"";
				DEVELOPMENT_TEAM = 7B836K72WW;
				ENABLE_PREVIEWS = YES;
				INFOPLIST_FILE = "friends-social/Info.plist";
				IPHONEOS_DEPLOYMENT_TARGET = 14.3;
				LD_RUNPATH_SEARCH_PATHS = (
					"$(inherited)",
					"@executable_path/Frameworks",
				);
				PRODUCT_BUNDLE_IDENTIFIER = "com.vcarrin87.friends-social";
				PRODUCT_NAME = "$(TARGET_NAME)";
				SWIFT_VERSION = 5.0;
				TARGETED_DEVICE_FAMILY = "1,2";
			};
			name = Debug;
		};
		FBF6EE872585DA1100B16CD8 /* Release */ = {
			isa = XCBuildConfiguration;
			buildSettings = {
				ASSETCATALOG_COMPILER_APPICON_NAME = AppIcon;
				CODE_SIGN_STYLE = Automatic;
				DEVELOPMENT_ASSET_PATHS = "\"friends-social/Preview Content\"";
				DEVELOPMENT_TEAM = 7B836K72WW;
				ENABLE_PREVIEWS = YES;
				INFOPLIST_FILE = "friends-social/Info.plist";
				IPHONEOS_DEPLOYMENT_TARGET = 14.3;
				LD_RUNPATH_SEARCH_PATHS = (
					"$(inherited)",
					"@executable_path/Frameworks",
				);
				PRODUCT_BUNDLE_IDENTIFIER = "com.vcarrin87.friends-social";
				PRODUCT_NAME = "$(TARGET_NAME)";
				SWIFT_VERSION = 5.0;
				TARGETED_DEVICE_FAMILY = "1,2";
			};
			name = Release;
		};
		FBF6EE892585DA1100B16CD8 /* Debug */ = {
			isa = XCBuildConfiguration;
			buildSettings = {
				ALWAYS_EMBED_SWIFT_STANDARD_LIBRARIES = YES;
				BUNDLE_LOADER = "$(TEST_HOST)";
				CODE_SIGN_STYLE = Automatic;
				DEVELOPMENT_TEAM = 7B836K72WW;
				INFOPLIST_FILE = "friends-socialTests/Info.plist";
				IPHONEOS_DEPLOYMENT_TARGET = 13.2;
				LD_RUNPATH_SEARCH_PATHS = (
					"$(inherited)",
					"@executable_path/Frameworks",
					"@loader_path/Frameworks",
				);
				PRODUCT_BUNDLE_IDENTIFIER = "com.vcarrin87.friends-social.friends-socialTests";
				PRODUCT_NAME = "$(TARGET_NAME)";
				SWIFT_VERSION = 5.0;
				TARGETED_DEVICE_FAMILY = "1,2";
				TEST_HOST = "$(BUILT_PRODUCTS_DIR)/friends-social.app/friends-social";
			};
			name = Debug;
		};
		FBF6EE8A2585DA1100B16CD8 /* Release */ = {
			isa = XCBuildConfiguration;
			buildSettings = {
				ALWAYS_EMBED_SWIFT_STANDARD_LIBRARIES = YES;
				BUNDLE_LOADER = "$(TEST_HOST)";
				CODE_SIGN_STYLE = Automatic;
				DEVELOPMENT_TEAM = 7B836K72WW;
				INFOPLIST_FILE = "friends-socialTests/Info.plist";
				IPHONEOS_DEPLOYMENT_TARGET = 13.2;
				LD_RUNPATH_SEARCH_PATHS = (
					"$(inherited)",
					"@executable_path/Frameworks",
					"@loader_path/Frameworks",
				);
				PRODUCT_BUNDLE_IDENTIFIER = "com.vcarrin87.friends-social.friends-socialTests";
				PRODUCT_NAME = "$(TARGET_NAME)";
				SWIFT_VERSION = 5.0;
				TARGETED_DEVICE_FAMILY = "1,2";
				TEST_HOST = "$(BUILT_PRODUCTS_DIR)/friends-social.app/friends-social";
			};
			name = Release;
		};
		FBF6EE8C2585DA1100B16CD8 /* Debug */ = {
			isa = XCBuildConfiguration;
			buildSettings = {
				ALWAYS_EMBED_SWIFT_STANDARD_LIBRARIES = YES;
				CODE_SIGN_STYLE = Automatic;
				DEVELOPMENT_TEAM = 7B836K72WW;
				INFOPLIST_FILE = "friends-socialUITests/Info.plist";
				LD_RUNPATH_SEARCH_PATHS = (
					"$(inherited)",
					"@executable_path/Frameworks",
					"@loader_path/Frameworks",
				);
				PRODUCT_BUNDLE_IDENTIFIER = "com.vcarrin87.friends-social.friends-socialUITests";
				PRODUCT_NAME = "$(TARGET_NAME)";
				SWIFT_VERSION = 5.0;
				TARGETED_DEVICE_FAMILY = "1,2";
				TEST_TARGET_NAME = "friends-social";
			};
			name = Debug;
		};
		FBF6EE8D2585DA1100B16CD8 /* Release */ = {
			isa = XCBuildConfiguration;
			buildSettings = {
				ALWAYS_EMBED_SWIFT_STANDARD_LIBRARIES = YES;
				CODE_SIGN_STYLE = Automatic;
				DEVELOPMENT_TEAM = 7B836K72WW;
				INFOPLIST_FILE = "friends-socialUITests/Info.plist";
				LD_RUNPATH_SEARCH_PATHS = (
					"$(inherited)",
					"@executable_path/Frameworks",
					"@loader_path/Frameworks",
				);
				PRODUCT_BUNDLE_IDENTIFIER = "com.vcarrin87.friends-social.friends-socialUITests";
				PRODUCT_NAME = "$(TARGET_NAME)";
				SWIFT_VERSION = 5.0;
				TARGETED_DEVICE_FAMILY = "1,2";
				TEST_TARGET_NAME = "friends-social";
			};
			name = Release;
		};
/* End XCBuildConfiguration section */

/* Begin XCConfigurationList section */
		FBF6EE532585DA0E00B16CD8 /* Build configuration list for PBXProject "friends-social" */ = {
			isa = XCConfigurationList;
			buildConfigurations = (
				FBF6EE832585DA1100B16CD8 /* Debug */,
				FBF6EE842585DA1100B16CD8 /* Release */,
			);
			defaultConfigurationIsVisible = 0;
			defaultConfigurationName = Release;
		};
		FBF6EE852585DA1100B16CD8 /* Build configuration list for PBXNativeTarget "friends-social" */ = {
			isa = XCConfigurationList;
			buildConfigurations = (
				FBF6EE862585DA1100B16CD8 /* Debug */,
				FBF6EE872585DA1100B16CD8 /* Release */,
			);
			defaultConfigurationIsVisible = 0;
			defaultConfigurationName = Release;
		};
		FBF6EE882585DA1100B16CD8 /* Build configuration list for PBXNativeTarget "friends-socialTests" */ = {
			isa = XCConfigurationList;
			buildConfigurations = (
				FBF6EE892585DA1100B16CD8 /* Debug */,
				FBF6EE8A2585DA1100B16CD8 /* Release */,
			);
			defaultConfigurationIsVisible = 0;
			defaultConfigurationName = Release;
		};
		FBF6EE8B2585DA1100B16CD8 /* Build configuration list for PBXNativeTarget "friends-socialUITests" */ = {
			isa = XCConfigurationList;
			buildConfigurations = (
				FBF6EE8C2585DA1100B16CD8 /* Debug */,
				FBF6EE8D2585DA1100B16CD8 /* Release */,
			);
			defaultConfigurationIsVisible = 0;
			defaultConfigurationName = Release;
		};
/* End XCConfigurationList section */

/* Begin XCVersionGroup section */
		FBF6EE5F2585DA0E00B16CD8 /* friends_social.xcdatamodeld */ = {
			isa = XCVersionGroup;
			children = (
				FBF6EE602585DA0E00B16CD8 /* friends_social.xcdatamodel */,
			);
			currentVersion = FBF6EE602585DA0E00B16CD8 /* friends_social.xcdatamodel */;
			path = friends_social.xcdatamodeld;
			sourceTree = "<group>";
			versionGroupType = wrapper.xcdatamodel;
		};
/* End XCVersionGroup section */
	};
	rootObject = FBF6EE502585DA0E00B16CD8 /* Project object */;
}
